
Microsoft Visual Studio Solution File, Format Version 12.00
# Visual Studio 14
VisualStudioVersion = 14.0.25420.1
MinimumVisualStudioVersion = 10.0.40219.1
Project("{FAE04EC0-301F-11D3-BF4B-00C04F79EFBC}") = "ado", "ado\ado.csproj", "{D3913855-D4CE-4DD0-887D-DFE55BF4E333}"
EndProject
Project("{FAE04EC0-301F-11D3-BF4B-00C04F79EFBC}") = "WindowsFormsApplication1", "WindowsFormsApplication1\WindowsFormsApplication1.csproj", "{1ECEE66B-82B6-4994-8774-395AB3FFC736}"
EndProject
Global
	GlobalSection(SolutionConfigurationPlatforms) = preSolution
		Debug|Any CPU = Debug|Any CPU
		Release|Any CPU = Release|Any CPU
	EndGlobalSection
	GlobalSection(ProjectConfigurationPlatforms) = postSolution
		{D3913855-D4CE-4DD0-887D-DFE55BF4E333}.Debug|Any CPU.ActiveCfg = Debug|Any CPU
		{D3913855-D4CE-4DD0-887D-DFE55BF4E333}.Debug|Any CPU.Build.0 = Debug|Any CPU
		{D3913855-D4CE-4DD0-887D-DFE55BF4E333}.Release|Any CPU.ActiveCfg = Release|Any CPU
		{D3913855-D4CE-4DD0-887D-DFE55BF4E333}.Release|Any CPU.Build.0 = Release|Any CPU
		{1ECEE66B-82B6-4994-8774-395AB3FFC736}.Debug|Any CPU.ActiveCfg = Debug|Any CPU
		{1ECEE66B-82B6-4994-8774-395AB3FFC736}.Debug|Any CPU.Build.0 = Debug|Any CPU
		{1ECEE66B-82B6-4994-8774-395AB3FFC736}.Release|Any CPU.ActiveCfg = Release|Any CPU
		{1ECEE66B-82B6-4994-8774-395AB3FFC736}.Release|Any CPU.Build.0 = Release|Any CPU
	EndGlobalSection
	GlobalSection(SolutionProperties) = preSolution
		HideSolutionNode = FALSE
	EndGlobalSection
EndGlobal
